
Microsoft Visual Studio Solution File, Format Version 12.00
# Visual Studio Version 17
VisualStudioVersion = 17.4.33205.214
MinimumVisualStudioVersion = 10.0.40219.1
Project("{D2ABAB84-BF74-430A-B69E-9DC6D40DDA17}") = "Video_Games_Analysis", "Video_Games_Analysis.dwproj", "{3577A80C-B08C-48B6-9D7C-0BC00237722A}"
EndProject
Global
	GlobalSection(SolutionConfigurationPlatforms) = preSolution
		Development|Default = Development|Default
	EndGlobalSection
	GlobalSection(ProjectConfigurationPlatforms) = postSolution
		{3577A80C-B08C-48B6-9D7C-0BC00237722A}.Development|Default.ActiveCfg = Development
		{3577A80C-B08C-48B6-9D7C-0BC00237722A}.Development|Default.Build.0 = Development
		{3577A80C-B08C-48B6-9D7C-0BC00237722A}.Development|Default.Deploy.0 = Development
	EndGlobalSection
	GlobalSection(SolutionProperties) = preSolution
		HideSolutionNode = FALSE
	EndGlobalSection
	GlobalSection(ExtensibilityGlobals) = postSolution
		SolutionGuid = {6D460583-6885-4EB4-B5AF-1F249F42A942}
	EndGlobalSection
EndGlobal
