
Microsoft Visual Studio Solution File, Format Version 12.00
# Visual Studio Version 17
VisualStudioVersion = 17.4.33205.214
MinimumVisualStudioVersion = 10.0.40219.1
Project("{C9674DCB-5085-4A16-B785-4C70DD1589BD}") = "Etl", "Etl.dtproj", "{654E287E-5DEE-41BD-AF2B-5EAEAC8B05BE}"
EndProject
Global
	GlobalSection(SolutionConfigurationPlatforms) = preSolution
		Development|Default = Development|Default
	EndGlobalSection
	GlobalSection(ProjectConfigurationPlatforms) = postSolution
		{654E287E-5DEE-41BD-AF2B-5EAEAC8B05BE}.Development|Default.ActiveCfg = Development
		{654E287E-5DEE-41BD-AF2B-5EAEAC8B05BE}.Development|Default.Build.0 = Development
	EndGlobalSection
	GlobalSection(SolutionProperties) = preSolution
		HideSolutionNode = FALSE
	EndGlobalSection
	GlobalSection(ExtensibilityGlobals) = postSolution
		SolutionGuid = {F13D7D45-E299-4015-ACCD-C76E6D82E28D}
	EndGlobalSection
EndGlobal
